
Microsoft Visual Studio Solution File, Format Version 12.00
# Visual Studio 15
VisualStudioVersion = 15.0.28307.136
MinimumVisualStudioVersion = 10.0.40219.1
Project("{FAE04EC0-301F-11D3-BF4B-00C04F79EFBC}") = "SAM.Web", "SAM.Web\SAM.Web.csproj", "{A2049B94-7F29-4A9C-B5BA-EE0AF82F8034}"
EndProject
Project("{FAE04EC0-301F-11D3-BF4B-00C04F79EFBC}") = "PatrimonioBusiness", "PatrimonioBusiness\PatrimonioBusiness.csproj", "{B3C922C9-D836-4545-B636-C1D9F6F87A94}"
EndProject
Project("{FAE04EC0-301F-11D3-BF4B-00C04F79EFBC}") = "Sam.Integracao.SIAF", "Sam.Integracao.SIAF\Sam.Integracao.SIAF.csproj", "{5141B503-AA2D-4B8E-A9F0-C26AC1F8A728}"
EndProject
Project("{FAE04EC0-301F-11D3-BF4B-00C04F79EFBC}") = "Sam.Common", "Sam.Common\Sam.Common.csproj", "{D02BD38A-9FD0-4582-93C4-06DE59DCEB22}"
EndProject
Global
	GlobalSection(SolutionConfigurationPlatforms) = preSolution
		COMPILAR_PADRAO_SIAFEM|Any CPU = COMPILAR_PADRAO_SIAFEM|Any CPU
		Debug|Any CPU = Debug|Any CPU
		Release|Any CPU = Release|Any CPU
	EndGlobalSection
	GlobalSection(ProjectConfigurationPlatforms) = postSolution
		{A2049B94-7F29-4A9C-B5BA-EE0AF82F8034}.COMPILAR_PADRAO_SIAFEM|Any CPU.ActiveCfg = Release|Any CPU
		{A2049B94-7F29-4A9C-B5BA-EE0AF82F8034}.COMPILAR_PADRAO_SIAFEM|Any CPU.Build.0 = Release|Any CPU
		{A2049B94-7F29-4A9C-B5BA-EE0AF82F8034}.Debug|Any CPU.ActiveCfg = Debug|Any CPU
		{A2049B94-7F29-4A9C-B5BA-EE0AF82F8034}.Debug|Any CPU.Build.0 = Debug|Any CPU
		{A2049B94-7F29-4A9C-B5BA-EE0AF82F8034}.Release|Any CPU.ActiveCfg = Release|Any CPU
		{A2049B94-7F29-4A9C-B5BA-EE0AF82F8034}.Release|Any CPU.Build.0 = Release|Any CPU
		{B3C922C9-D836-4545-B636-C1D9F6F87A94}.COMPILAR_PADRAO_SIAFEM|Any CPU.ActiveCfg = Release|Any CPU
		{B3C922C9-D836-4545-B636-C1D9F6F87A94}.COMPILAR_PADRAO_SIAFEM|Any CPU.Build.0 = Release|Any CPU
		{B3C922C9-D836-4545-B636-C1D9F6F87A94}.Debug|Any CPU.ActiveCfg = Debug|Any CPU
		{B3C922C9-D836-4545-B636-C1D9F6F87A94}.Debug|Any CPU.Build.0 = Debug|Any CPU
		{B3C922C9-D836-4545-B636-C1D9F6F87A94}.Release|Any CPU.ActiveCfg = Release|Any CPU
		{B3C922C9-D836-4545-B636-C1D9F6F87A94}.Release|Any CPU.Build.0 = Release|Any CPU
		{5141B503-AA2D-4B8E-A9F0-C26AC1F8A728}.COMPILAR_PADRAO_SIAFEM|Any CPU.ActiveCfg = Release|Any CPU
		{5141B503-AA2D-4B8E-A9F0-C26AC1F8A728}.COMPILAR_PADRAO_SIAFEM|Any CPU.Build.0 = Release|Any CPU
		{5141B503-AA2D-4B8E-A9F0-C26AC1F8A728}.Debug|Any CPU.ActiveCfg = Debug|Any CPU
		{5141B503-AA2D-4B8E-A9F0-C26AC1F8A728}.Debug|Any CPU.Build.0 = Debug|Any CPU
		{5141B503-AA2D-4B8E-A9F0-C26AC1F8A728}.Release|Any CPU.ActiveCfg = Release|Any CPU
		{5141B503-AA2D-4B8E-A9F0-C26AC1F8A728}.Release|Any CPU.Build.0 = Release|Any CPU
		{D02BD38A-9FD0-4582-93C4-06DE59DCEB22}.COMPILAR_PADRAO_SIAFEM|Any CPU.ActiveCfg = COMPILAR_PADRAO_SIAFEM|Any CPU
		{D02BD38A-9FD0-4582-93C4-06DE59DCEB22}.COMPILAR_PADRAO_SIAFEM|Any CPU.Build.0 = COMPILAR_PADRAO_SIAFEM|Any CPU
		{D02BD38A-9FD0-4582-93C4-06DE59DCEB22}.Debug|Any CPU.ActiveCfg = Debug|Any CPU
		{D02BD38A-9FD0-4582-93C4-06DE59DCEB22}.Debug|Any CPU.Build.0 = Debug|Any CPU
		{D02BD38A-9FD0-4582-93C4-06DE59DCEB22}.Release|Any CPU.ActiveCfg = Release|Any CPU
		{D02BD38A-9FD0-4582-93C4-06DE59DCEB22}.Release|Any CPU.Build.0 = Release|Any CPU
		{66C8E753-3C52-44F4-941C-359D997494D1}.COMPILAR_PADRAO_SIAFEM|Any CPU.ActiveCfg = Release|Any CPU
		{66C8E753-3C52-44F4-941C-359D997494D1}.COMPILAR_PADRAO_SIAFEM|Any CPU.Build.0 = Release|Any CPU
		{66C8E753-3C52-44F4-941C-359D997494D1}.Debug|Any CPU.ActiveCfg = Debug|Any CPU
		{66C8E753-3C52-44F4-941C-359D997494D1}.Debug|Any CPU.Build.0 = Debug|Any CPU
		{66C8E753-3C52-44F4-941C-359D997494D1}.Release|Any CPU.ActiveCfg = Release|Any CPU
		{66C8E753-3C52-44F4-941C-359D997494D1}.Release|Any CPU.Build.0 = Release|Any CPU
	EndGlobalSection
	GlobalSection(SolutionProperties) = preSolution
		HideSolutionNode = FALSE
	EndGlobalSection
	GlobalSection(ExtensibilityGlobals) = postSolution
		SolutionGuid = {0B20554A-8209-40B2-B8DC-7FC5541A6740}
	EndGlobalSection
EndGlobal
